
Microsoft Visual Studio Solution File, Format Version 12.00
# Visual Studio Version 17
VisualStudioVersion = 17.8.34322.80
MinimumVisualStudioVersion = 10.0.40219.1
Project("{9A19103F-16F7-4668-BE54-9A1E7A4F7556}") = "Task_3_2", "Task_3_2.csproj", "{208B7120-5FA5-4FEE-86AB-2D4FA64B0CD0}"
EndProject
Global
	GlobalSection(SolutionConfigurationPlatforms) = preSolution
		Debug|Any CPU = Debug|Any CPU
		Release|Any CPU = Release|Any CPU
	EndGlobalSection
	GlobalSection(ProjectConfigurationPlatforms) = postSolution
		{208B7120-5FA5-4FEE-86AB-2D4FA64B0CD0}.Debug|Any CPU.ActiveCfg = Debug|Any CPU
		{208B7120-5FA5-4FEE-86AB-2D4FA64B0CD0}.Debug|Any CPU.Build.0 = Debug|Any CPU
		{208B7120-5FA5-4FEE-86AB-2D4FA64B0CD0}.Release|Any CPU.ActiveCfg = Release|Any CPU
		{208B7120-5FA5-4FEE-86AB-2D4FA64B0CD0}.Release|Any CPU.Build.0 = Release|Any CPU
	EndGlobalSection
	GlobalSection(SolutionProperties) = preSolution
		HideSolutionNode = FALSE
	EndGlobalSection
	GlobalSection(ExtensibilityGlobals) = postSolution
		SolutionGuid = {6FE54FBB-3C0A-4138-922B-FC34811B5E81}
	EndGlobalSection
EndGlobal
